// !$*UTF8*$!
{
	archiveVersion = 1;
	classes = {
	};
	objectVersion = 46;
	objects = {

/* Begin PBXBuildFile section */
		577ABB101CC8676700181699 /* AppDelegate.swift in Sources */ = {isa = PBXBuildFile; fileRef = 577ABB0F1CC8676700181699 /* AppDelegate.swift */; };
		577ABB121CC8676700181699 /* ViewController.swift in Sources */ = {isa = PBXBuildFile; fileRef = 577ABB111CC8676700181699 /* ViewController.swift */; };
		577ABB151CC8676700181699 /* Main.storyboard in Resources */ = {isa = PBXBuildFile; fileRef = 577ABB131CC8676700181699 /* Main.storyboard */; };
		577ABB171CC8676700181699 /* Assets.xcassets in Resources */ = {isa = PBXBuildFile; fileRef = 577ABB161CC8676700181699 /* Assets.xcassets */; };
		577ABB1A1CC8676700181699 /* LaunchScreen.storyboard in Resources */ = {isa = PBXBuildFile; fileRef = 577ABB181CC8676700181699 /* LaunchScreen.storyboard */; };
		577ABB251CC8676700181699 /* CalculatorTests.swift in Sources */ = {isa = PBXBuildFile; fileRef = 577ABB241CC8676700181699 /* CalculatorTests.swift */; };
		577ABB301CC8676700181699 /* CalculatorUITests.swift in Sources */ = {isa = PBXBuildFile; fileRef = 577ABB2F1CC8676700181699 /* CalculatorUITests.swift */; };
		5794BD541CD2EAC00036B610 /* CalculatorBrain.swift in Sources */ = {isa = PBXBuildFile; fileRef = 5794BD531CD2EAC00036B610 /* CalculatorBrain.swift */; };
/* End PBXBuildFile section */

/* Begin PBXContainerItemProxy section */
		577ABB211CC8676700181699 /* PBXContainerItemProxy */ = {
			isa = PBXContainerItemProxy;
			containerPortal = 577ABB041CC8676600181699 /* Project object */;
			proxyType = 1;
			remoteGlobalIDString = 577ABB0B1CC8676600181699;
			remoteInfo = Calculator;
		};
		577ABB2C1CC8676700181699 /* PBXContainerItemProxy */ = {
			isa = PBXContainerItemProxy;
			containerPortal = 577ABB041CC8676600181699 /* Project object */;
			proxyType = 1;
			remoteGlobalIDString = 577ABB0B1CC8676600181699;
			remoteInfo = Calculator;
		};
/* End PBXContainerItemProxy section */

/* Begin PBXFileReference section */
		577ABB0C1CC8676700181699 /* Calculator.app */ = {isa = PBXFileReference; explicitFileType = wrapper.application; includeInIndex = 0; path = Calculator.app; sourceTree = BUILT_PRODUCTS_DIR; };
		577ABB0F1CC8676700181699 /* AppDelegate.swift */ = {isa = PBXFileReference; lastKnownFileType = sourcecode.swift; path = AppDelegate.swift; sourceTree = "<group>"; };
		577ABB111CC8676700181699 /* ViewController.swift */ = {isa = PBXFileReference; lastKnownFileType = sourcecode.swift; path = ViewController.swift; sourceTree = "<group>"; };
		577ABB141CC8676700181699 /* Base */ = {isa = PBXFileReference; lastKnownFileType = file.storyboard; name = Base; path = Base.lproj/Main.storyboard; sourceTree = "<group>"; };
		577ABB161CC8676700181699 /* Assets.xcassets */ = {isa = PBXFileReference; lastKnownFileType = folder.assetcatalog; path = Assets.xcassets; sourceTree = "<group>"; };
		577ABB191CC8676700181699 /* Base */ = {isa = PBXFileReference; lastKnownFileType = file.storyboard; name = Base; path = Base.lproj/LaunchScreen.storyboard; sourceTree = "<group>"; };
		577ABB1B1CC8676700181699 /* Info.plist */ = {isa = PBXFileReference; lastKnownFileType = text.plist.xml; path = Info.plist; sourceTree = "<group>"; };
		577ABB201CC8676700181699 /* CalculatorTests.xctest */ = {isa = PBXFileReference; explicitFileType = wrapper.cfbundle; includeInIndex = 0; path = CalculatorTests.xctest; sourceTree = BUILT_PRODUCTS_DIR; };
		577ABB241CC8676700181699 /* CalculatorTests.swift */ = {isa = PBXFileReference; lastKnownFileType = sourcecode.swift; path = CalculatorTests.swift; sourceTree = "<group>"; };
		577ABB261CC8676700181699 /* Info.plist */ = {isa = PBXFileReference; lastKnownFileType = text.plist.xml; path = Info.plist; sourceTree = "<group>"; };
		577ABB2B1CC8676700181699 /* CalculatorUITests.xctest */ = {isa = PBXFileReference; explicitFileType = wrapper.cfbundle; includeInIndex = 0; path = CalculatorUITests.xctest; sourceTree = BUILT_PRODUCTS_DIR; };
		577ABB2F1CC8676700181699 /* CalculatorUITests.swift */ = {isa = PBXFileReference; lastKnownFileType = sourcecode.swift; path = CalculatorUITests.swift; sourceTree = "<group>"; };
		577ABB311CC8676700181699 /* Info.plist */ = {isa = PBXFileReference; lastKnownFileType = text.plist.xml; path = Info.plist; sourceTree = "<group>"; };
		5794BD531CD2EAC00036B610 /* CalculatorBrain.swift */ = {isa = PBXFileReference; fileEncoding = 4; lastKnownFileType = sourcecode.swift; path = CalculatorBrain.swift; sourceTree = "<group>"; };
/* End PBXFileReference section */

/* Begin PBXFrameworksBuildPhase section */
		577ABB091CC8676600181699 /* Frameworks */ = {
			isa = PBXFrameworksBuildPhase;
			buildActionMask = 2147483647;
			files = (
			);
			runOnlyForDeploymentPostprocessing = 0;
		};
		577ABB1D1CC8676700181699 /* Frameworks */ = {
			isa = PBXFrameworksBuildPhase;
			buildActionMask = 2147483647;
			files = (
			);
			runOnlyForDeploymentPostprocessing = 0;
		};
		577ABB281CC8676700181699 /* Frameworks */ = {
			isa = PBXFrameworksBuildPhase;
			buildActionMask = 2147483647;
			files = (
			);
			runOnlyForDeploymentPostprocessing = 0;
		};
/* End PBXFrameworksBuildPhase section */

/* Begin PBXGroup section */
		577ABB031CC8676600181699 = {
			isa = PBXGroup;
			children = (
				577ABB0E1CC8676700181699 /* Calculator */,
				577ABB231CC8676700181699 /* CalculatorTests */,
				577ABB2E1CC8676700181699 /* CalculatorUITests */,
				577ABB0D1CC8676700181699 /* Products */,
			);
			sourceTree = "<group>";
		};
		577ABB0D1CC8676700181699 /* Products */ = {
			isa = PBXGroup;
			children = (
				577ABB0C1CC8676700181699 /* Calculator.app */,
				577ABB201CC8676700181699 /* CalculatorTests.xctest */,
				577ABB2B1CC8676700181699 /* CalculatorUITests.xctest */,
			);
			name = Products;
			sourceTree = "<group>";
		};
		577ABB0E1CC8676700181699 /* Calculator */ = {
			isa = PBXGroup;
			children = (
				577ABB3D1CC867AB00181699 /* Supporting Files */,
				577ABB111CC8676700181699 /* ViewController.swift */,
				577ABB131CC8676700181699 /* Main.storyboard */,
				5794BD531CD2EAC00036B610 /* CalculatorBrain.swift */,
			);
			path = Calculator;
			sourceTree = "<group>";
		};
		577ABB231CC8676700181699 /* CalculatorTests */ = {
			isa = PBXGroup;
			children = (
				577ABB241CC8676700181699 /* CalculatorTests.swift */,
				577ABB261CC8676700181699 /* Info.plist */,
			);
			path = CalculatorTests;
			sourceTree = "<group>";
		};
		577ABB2E1CC8676700181699 /* CalculatorUITests */ = {
			isa = PBXGroup;
			children = (
				577ABB2F1CC8676700181699 /* CalculatorUITests.swift */,
				577ABB311CC8676700181699 /* Info.plist */,
			);
			path = CalculatorUITests;
			sourceTree = "<group>";
		};
		577ABB3D1CC867AB00181699 /* Supporting Files */ = {
			isa = PBXGroup;
			children = (
				577ABB0F1CC8676700181699 /* AppDelegate.swift */,
				577ABB161CC8676700181699 /* Assets.xcassets */,
				577ABB181CC8676700181699 /* LaunchScreen.storyboard */,
				577ABB1B1CC8676700181699 /* Info.plist */,
			);
			name = "Supporting Files";
			sourceTree = "<group>";
		};
/* End PBXGroup section */

/* Begin PBXNativeTarget section */
		577ABB0B1CC8676600181699 /* Calculator */ = {
			isa = PBXNativeTarget;
			buildConfigurationList = 577ABB341CC8676700181699 /* Build configuration list for PBXNativeTarget "Calculator" */;
			buildPhases = (
				577ABB081CC8676600181699 /* Sources */,
				577ABB091CC8676600181699 /* Frameworks */,
				577ABB0A1CC8676600181699 /* Resources */,
			);
			buildRules = (
			);
			dependencies = (
			);
			name = Calculator;
			productName = Calculator;
			productReference = 577ABB0C1CC8676700181699 /* Calculator.app */;
			productType = "com.apple.product-type.application";
		};
		577ABB1F1CC8676700181699 /* CalculatorTests */ = {
			isa = PBXNativeTarget;
			buildConfigurationList = 577ABB371CC8676700181699 /* Build configuration list for PBXNativeTarget "CalculatorTests" */;
			buildPhases = (
				577ABB1C1CC8676700181699 /* Sources */,
				577ABB1D1CC8676700181699 /* Frameworks */,
				577ABB1E1CC8676700181699 /* Resources */,
			);
			buildRules = (
			);
			dependencies = (
				577ABB221CC8676700181699 /* PBXTargetDependency */,
			);
			name = CalculatorTests;
			productName = CalculatorTests;
			productReference = 577ABB201CC8676700181699 /* CalculatorTests.xctest */;
			productType = "com.apple.product-type.bundle.unit-test";
		};
		577ABB2A1CC8676700181699 /* CalculatorUITests */ = {
			isa = PBXNativeTarget;
			buildConfigurationList = 577ABB3A1CC8676700181699 /* Build configuration list for PBXNativeTarget "CalculatorUITests" */;
			buildPhases = (
				577ABB271CC8676700181699 /* Sources */,
				577ABB281CC8676700181699 /* Frameworks */,
				577ABB291CC8676700181699 /* Resources */,
			);
			buildRules = (
			);
			dependencies = (
				577ABB2D1CC8676700181699 /* PBXTargetDependency */,
			);
			name = CalculatorUITests;
			productName = CalculatorUITests;
			productReference = 577ABB2B1CC8676700181699 /* CalculatorUITests.xctest */;
			productType = "com.apple.product-type.bundle.ui-testing";
		};
/* End PBXNativeTarget section */

/* Begin PBXProject section */
		577ABB041CC8676600181699 /* Project object */ = {
			isa = PBXProject;
			attributes = {
				LastSwiftUpdateCheck = 0730;
				LastUpgradeCheck = 0730;
				ORGANIZATIONNAME = Quexint;
				TargetAttributes = {
					577ABB0B1CC8676600181699 = {
						CreatedOnToolsVersion = 7.3;
					};
					577ABB1F1CC8676700181699 = {
						CreatedOnToolsVersion = 7.3;
						TestTargetID = 577ABB0B1CC8676600181699;
					};
					577ABB2A1CC8676700181699 = {
						CreatedOnToolsVersion = 7.3;
						TestTargetID = 577ABB0B1CC8676600181699;
					};
				};
			};
			buildConfigurationList = 577ABB071CC8676600181699 /* Build configuration list for PBXProject "Calculator" */;
			compatibilityVersion = "Xcode 3.2";
			developmentRegion = English;
			hasScannedForEncodings = 0;
			knownRegions = (
				en,
				Base,
			);
			mainGroup = 577ABB031CC8676600181699;
			productRefGroup = 577ABB0D1CC8676700181699 /* Products */;
			projectDirPath = "";
			projectRoot = "";
			targets = (
				577ABB0B1CC8676600181699 /* Calculator */,
				577ABB1F1CC8676700181699 /* CalculatorTests */,
				577ABB2A1CC8676700181699 /* CalculatorUITests */,
			);
		};
/* End PBXProject section */

/* Begin PBXResourcesBuildPhase section */
		577ABB0A1CC8676600181699 /* Resources */ = {
			isa = PBXResourcesBuildPhase;
			buildActionMask = 2147483647;
			files = (
				577ABB1A1CC8676700181699 /* LaunchScreen.storyboard in Resources */,
				577ABB171CC8676700181699 /* Assets.xcassets in Resources */,
				577ABB151CC8676700181699 /* Main.storyboard in Resources */,
			);
			runOnlyForDeploymentPostprocessing = 0;
		};
		577ABB1E1CC8676700181699 /* Resources */ = {
			isa = PBXResourcesBuildPhase;
			buildActionMask = 2147483647;
			files = (
			);
			runOnlyForDeploymentPostprocessing = 0;
		};
		577ABB291CC8676700181699 /* Resources */ = {
			isa = PBXResourcesBuildPhase;
			buildActionMask = 2147483647;
			files = (
			);
			runOnlyForDeploymentPostprocessing = 0;
		};
/* End PBXResourcesBuildPhase section */

/* Begin PBXSourcesBuildPhase section */
		577ABB081CC8676600181699 /* Sources */ = {
			isa = PBXSourcesBuildPhase;
			buildActionMask = 2147483647;
			files = (
				5794BD541CD2EAC00036B610 /* CalculatorBrain.swift in Sources */,
				577ABB121CC8676700181699 /* ViewController.swift in Sources */,
				577ABB101CC8676700181699 /* AppDelegate.swift in Sources */,
			);
			runOnlyForDeploymentPostprocessing = 0;
		};
		577ABB1C1CC8676700181699 /* Sources */ = {
			isa = PBXSourcesBuildPhase;
			buildActionMask = 2147483647;
			files = (
				577ABB251CC8676700181699 /* CalculatorTests.swift in Sources */,
			);
			runOnlyForDeploymentPostprocessing = 0;
		};
		577ABB271CC8676700181699 /* Sources */ = {
			isa = PBXSourcesBuildPhase;
			buildActionMask = 2147483647;
			files = (
				577ABB301CC8676700181699 /* CalculatorUITests.swift in Sources */,
			);
			runOnlyForDeploymentPostprocessing = 0;
		};
/* End PBXSourcesBuildPhase section */

/* Begin PBXTargetDependency section */
		577ABB221CC8676700181699 /* PBXTargetDependency */ = {
			isa = PBXTargetDependency;
			target = 577ABB0B1CC8676600181699 /* Calculator */;
			targetProxy = 577ABB211CC8676700181699 /* PBXContainerItemProxy */;
		};
		577ABB2D1CC8676700181699 /* PBXTargetDependency */ = {
			isa = PBXTargetDependency;
			target = 577ABB0B1CC8676600181699 /* Calculator */;
			targetProxy = 577ABB2C1CC8676700181699 /* PBXContainerItemProxy */;
		};
/* End PBXTargetDependency section */

/* Begin PBXVariantGroup section */
		577ABB131CC8676700181699 /* Main.storyboard */ = {
			isa = PBXVariantGroup;
			children = (
				577ABB141CC8676700181699 /* Base */,
			);
			name = Main.storyboard;
			sourceTree = "<group>";
		};
		577ABB181CC8676700181699 /* LaunchScreen.storyboard */ = {
			isa = PBXVariantGroup;
			children = (
				577ABB191CC8676700181699 /* Base */,
			);
			name = LaunchScreen.storyboard;
			sourceTree = "<group>";
		};
/* End PBXVariantGroup section */

/* Begin XCBuildConfiguration section */
		577ABB321CC8676700181699 /* Debug */ = {
			isa = XCBuildConfiguration;
			buildSettings = {
				ALWAYS_SEARCH_USER_PATHS = NO;
				CLANG_ANALYZER_NONNULL = YES;
				CLANG_CXX_LANGUAGE_STANDARD = "gnu++0x";
				CLANG_CXX_LIBRARY = "libc++";
				CLANG_ENABLE_MODULES = YES;
				CLANG_ENABLE_OBJC_ARC = YES;
				CLANG_WARN_BOOL_CONVERSION = YES;
				CLANG_WARN_CONSTANT_CONVERSION = YES;
				CLANG_WARN_DIRECT_OBJC_ISA_USAGE = YES_ERROR;
				CLANG_WARN_EMPTY_BODY = YES;
				CLANG_WARN_ENUM_CONVERSION = YES;
				CLANG_WARN_INT_CONVERSION = YES;
				CLANG_WARN_OBJC_ROOT_CLASS = YES_ERROR;
				CLANG_WARN_UNREACHABLE_CODE = YES;
				CLANG_WARN__DUPLICATE_METHOD_MATCH = YES;
				"CODE_SIGN_IDENTITY[sdk=iphoneos*]" = "iPhone Developer";
				COPY_PHASE_STRIP = NO;
				DEBUG_INFORMATION_FORMAT = dwarf;
				ENABLE_STRICT_OBJC_MSGSEND = YES;
				ENABLE_TESTABILITY = YES;
				GCC_C_LANGUAGE_STANDARD = gnu99;
				GCC_DYNAMIC_NO_PIC = NO;
				GCC_NO_COMMON_BLOCKS = YES;
				GCC_OPTIMIZATION_LEVEL = 0;
				GCC_PREPROCESSOR_DEFINITIONS = (
					"DEBUG=1",
					"$(inherited)",
				);
				GCC_WARN_64_TO_32_BIT_CONVERSION = YES;
				GCC_WARN_ABOUT_RETURN_TYPE = YES_ERROR;
				GCC_WARN_UNDECLARED_SELECTOR = YES;
				GCC_WARN_UNINITIALIZED_AUTOS = YES_AGGRESSIVE;
				GCC_WARN_UNUSED_FUNCTION = YES;
				GCC_WARN_UNUSED_VARIABLE = YES;
				IPHONEOS_DEPLOYMENT_TARGET = 9.3;
				MTL_ENABLE_DEBUG_INFO = YES;
				ONLY_ACTIVE_ARCH = YES;
				SDKROOT = iphoneos;
				SWIFT_OPTIMIZATION_LEVEL = "-Onone";
				TARGETED_DEVICE_FAMILY = "1,2";
			};
			name = Debug;
		};
		577ABB331CC8676700181699 /* Release */ = {
			isa = XCBuildConfiguration;
			buildSettings = {
				ALWAYS_SEARCH_USER_PATHS = NO;
				CLANG_ANALYZER_NONNULL = YES;
				CLANG_CXX_LANGUAGE_STANDARD = "gnu++0x";
				CLANG_CXX_LIBRARY = "libc++";
				CLANG_ENABLE_MODULES = YES;
				CLANG_ENABLE_OBJC_ARC = YES;
				CLANG_WARN_BOOL_CONVERSION = YES;
				CLANG_WARN_CONSTANT_CONVERSION = YES;
				CLANG_WARN_DIRECT_OBJC_ISA_USAGE = YES_ERROR;
				CLANG_WARN_EMPTY_BODY = YES;
				CLANG_WARN_ENUM_CONVERSION = YES;
				CLANG_WARN_INT_CONVERSION = YES;
				CLANG_WARN_OBJC_ROOT_CLASS = YES_ERROR;
				CLANG_WARN_UNREACHABLE_CODE = YES;
				CLANG_WARN__DUPLICATE_METHOD_MATCH = YES;
				"CODE_SIGN_IDENTITY[sdk=iphoneos*]" = "iPhone Developer";
				COPY_PHASE_STRIP = NO;
				DEBUG_INFORMATION_FORMAT = "dwarf-with-dsym";
				ENABLE_NS_ASSERTIONS = NO;
				ENABLE_STRICT_OBJC_MSGSEND = YES;
				GCC_C_LANGUAGE_STANDARD = gnu99;
				GCC_NO_COMMON_BLOCKS = YES;
				GCC_WARN_64_TO_32_BIT_CONVERSION = YES;
				GCC_WARN_ABOUT_RETURN_TYPE = YES_ERROR;
				GCC_WARN_UNDECLARED_SELECTOR = YES;
				GCC_WARN_UNINITIALIZED_AUTOS = YES_AGGRESSIVE;
				GCC_WARN_UNUSED_FUNCTION = YES;
				GCC_WARN_UNUSED_VARIABLE = YES;
				IPHONEOS_DEPLOYMENT_TARGET = 9.3;
				MTL_ENABLE_DEBUG_INFO = NO;
				SDKROOT = iphoneos;
				TARGETED_DEVICE_FAMILY = "1,2";
				VALIDATE_PRODUCT = YES;
			};
			name = Release;
		};
		577ABB351CC8676700181699 /* Debug */ = {
			isa = XCBuildConfiguration;
			buildSettings = {
				ASSETCATALOG_COMPILER_APPICON_NAME = AppIcon;
				INFOPLIST_FILE = Calculator/Info.plist;
				LD_RUNPATH_SEARCH_PATHS = "$(inherited) @executable_path/Frameworks";
				PRODUCT_BUNDLE_IDENTIFIER = today.deadline.Quexint.Calculator;
				PRODUCT_NAME = "$(TARGET_NAME)";
			};
			name = Debug;
		};
		577ABB361CC8676700181699 /* Release */ = {
			isa = XCBuildConfiguration;
			buildSettings = {
				ASSETCATALOG_COMPILER_APPICON_NAME = AppIcon;
				INFOPLIST_FILE = Calculator/Info.plist;
				LD_RUNPATH_SEARCH_PATHS = "$(inherited) @executable_path/Frameworks";
				PRODUCT_BUNDLE_IDENTIFIER = today.deadline.Quexint.Calculator;
				PRODUCT_NAME = "$(TARGET_NAME)";
			};
			name = Release;
		};
		577ABB381CC8676700181699 /* Debug */ = {
			isa = XCBuildConfiguration;
			buildSettings = {
				BUNDLE_LOADER = "$(TEST_HOST)";
				INFOPLIST_FILE = CalculatorTests/Info.plist;
				LD_RUNPATH_SEARCH_PATHS = "$(inherited) @executable_path/Frameworks @loader_path/Frameworks";
				PRODUCT_BUNDLE_IDENTIFIER = today.deadline.Quexint.CalculatorTests;
				PRODUCT_NAME = "$(TARGET_NAME)";
				TEST_HOST = "$(BUILT_PRODUCTS_DIR)/Calculator.app/Calculator";
			};
			name = Debug;
		};
		577ABB391CC8676700181699 /* Release */ = {
			isa = XCBuildConfiguration;
			buildSettings = {
				BUNDLE_LOADER = "$(TEST_HOST)";
				INFOPLIST_FILE = CalculatorTests/Info.plist;
				LD_RUNPATH_SEARCH_PATHS = "$(inherited) @executable_path/Frameworks @loader_path/Frameworks";
				PRODUCT_BUNDLE_IDENTIFIER = today.deadline.Quexint.CalculatorTests;
				PRODUCT_NAME = "$(TARGET_NAME)";
				TEST_HOST = "$(BUILT_PRODUCTS_DIR)/Calculator.app/Calculator";
			};
			name = Release;
		};
		577ABB3B1CC8676700181699 /* Debug */ = {
			isa = XCBuildConfiguration;
			buildSettings = {
				INFOPLIST_FILE = CalculatorUITests/Info.plist;
				LD_RUNPATH_SEARCH_PATHS = "$(inherited) @executable_path/Frameworks @loader_path/Frameworks";
				PRODUCT_BUNDLE_IDENTIFIER = today.deadline.Quexint.CalculatorUITests;
				PRODUCT_NAME = "$(TARGET_NAME)";
				TEST_TARGET_NAME = Calculator;
			};
			name = Debug;
		};
		577ABB3C1CC8676700181699 /* Release */ = {
			isa = XCBuildConfiguration;
			buildSettings = {
				INFOPLIST_FILE = CalculatorUITests/Info.plist;
				LD_RUNPATH_SEARCH_PATHS = "$(inherited) @executable_path/Frameworks @loader_path/Frameworks";
				PRODUCT_BUNDLE_IDENTIFIER = today.deadline.Quexint.CalculatorUITests;
				PRODUCT_NAME = "$(TARGET_NAME)";
				TEST_TARGET_NAME = Calculator;
			};
			name = Release;
		};
/* End XCBuildConfiguration section */

/* Begin XCConfigurationList section */
		577ABB071CC8676600181699 /* Build configuration list for PBXProject "Calculator" */ = {
			isa = XCConfigurationList;
			buildConfigurations = (
				577ABB321CC8676700181699 /* Debug */,
				577ABB331CC8676700181699 /* Release */,
			);
			defaultConfigurationIsVisible = 0;
			defaultConfigurationName = Release;
		};
		577ABB341CC8676700181699 /* Build configuration list for PBXNativeTarget "Calculator" */ = {
			isa = XCConfigurationList;
			buildConfigurations = (
				577ABB351CC8676700181699 /* Debug */,
				577ABB361CC8676700181699 /* Release */,
			);
			defaultConfigurationIsVisible = 0;
			defaultConfigurationName = Release;
		};
		577ABB371CC8676700181699 /* Build configuration list for PBXNativeTarget "CalculatorTests" */ = {
			isa = XCConfigurationList;
			buildConfigurations = (
				577ABB381CC8676700181699 /* Debug */,
				577ABB391CC8676700181699 /* Release */,
			);
			defaultConfigurationIsVisible = 0;
			defaultConfigurationName = Release;
		};
		577ABB3A1CC8676700181699 /* Build configuration list for PBXNativeTarget "CalculatorUITests" */ = {
			isa = XCConfigurationList;
			buildConfigurations = (
				577ABB3B1CC8676700181699 /* Debug */,
				577ABB3C1CC8676700181699 /* Release */,
			);
			defaultConfigurationIsVisible = 0;
			defaultConfigurationName = Release;
		};
/* End XCConfigurationList section */
	};
	rootObject = 577ABB041CC8676600181699 /* Project object */;
}
